
Microsoft Visual Studio Solution File, Format Version 12.00
# Visual Studio Version 16
VisualStudioVersion = 16.0.33927.289
MinimumVisualStudioVersion = 10.0.40219.1
Project("{2150E333-8FDC-42A3-9474-1A3956D46DE8}") = "Task0", "Task0", "{CDE7DF8F-4C23-4A60-BA94-9CC6951D771E}"
EndProject
Project("{FAE04EC0-301F-11D3-BF4B-00C04F79EFBC}") = "Tyuiu.PostikaAO.Sprint0.Task0.V0", "Tyuiu.PostikaAO.Sprint0.Task0.V0\Tyuiu.PostikaAO.Sprint0.Task0.V0.csproj", "{CAC2E571-2589-4C9B-9926-5286F8C62222}"
EndProject
Global
	GlobalSection(SolutionConfigurationPlatforms) = preSolution
		Debug|Any CPU = Debug|Any CPU
		Release|Any CPU = Release|Any CPU
	EndGlobalSection
	GlobalSection(ProjectConfigurationPlatforms) = postSolution
		{CAC2E571-2589-4C9B-9926-5286F8C62222}.Debug|Any CPU.ActiveCfg = Debug|Any CPU
		{CAC2E571-2589-4C9B-9926-5286F8C62222}.Debug|Any CPU.Build.0 = Debug|Any CPU
		{CAC2E571-2589-4C9B-9926-5286F8C62222}.Release|Any CPU.ActiveCfg = Release|Any CPU
		{CAC2E571-2589-4C9B-9926-5286F8C62222}.Release|Any CPU.Build.0 = Release|Any CPU
	EndGlobalSection
	GlobalSection(SolutionProperties) = preSolution
		HideSolutionNode = FALSE
	EndGlobalSection
	GlobalSection(NestedProjects) = preSolution
		{CAC2E571-2589-4C9B-9926-5286F8C62222} = {CDE7DF8F-4C23-4A60-BA94-9CC6951D771E}
	EndGlobalSection
	GlobalSection(ExtensibilityGlobals) = postSolution
		SolutionGuid = {E388B585-482B-4B21-A145-7CA51312D26F}
	EndGlobalSection
EndGlobal
